
Microsoft Visual Studio Solution File, Format Version 12.00
# Visual Studio 15
VisualStudioVersion = 15.0.27428.2043
MinimumVisualStudioVersion = 10.0.40219.1
Project("{FAE04EC0-301F-11D3-BF4B-00C04F79EFBC}") = "JsonToSQL", "JsonToSQL\JsonToSQL.csproj", "{626B16B6-1E0B-4D9D-B9C5-D6DA826F5B0E}"
EndProject
Global
	GlobalSection(SolutionConfigurationPlatforms) = preSolution
		Debug|Any CPU = Debug|Any CPU
		Release|Any CPU = Release|Any CPU
	EndGlobalSection
	GlobalSection(ProjectConfigurationPlatforms) = postSolution
		{626B16B6-1E0B-4D9D-B9C5-D6DA826F5B0E}.Debug|Any CPU.ActiveCfg = Debug|Any CPU
		{626B16B6-1E0B-4D9D-B9C5-D6DA826F5B0E}.Debug|Any CPU.Build.0 = Debug|Any CPU
		{626B16B6-1E0B-4D9D-B9C5-D6DA826F5B0E}.Release|Any CPU.ActiveCfg = Release|Any CPU
		{626B16B6-1E0B-4D9D-B9C5-D6DA826F5B0E}.Release|Any CPU.Build.0 = Release|Any CPU
	EndGlobalSection
	GlobalSection(SolutionProperties) = preSolution
		HideSolutionNode = FALSE
	EndGlobalSection
	GlobalSection(ExtensibilityGlobals) = postSolution
		SolutionGuid = {FBD51170-5BF3-4F12-808D-4D10B37D0DAE}
	EndGlobalSection
EndGlobal
